
Microsoft Visual Studio Solution File, Format Version 12.00
# Visual Studio Version 16
VisualStudioVersion = 16.0.30011.22
MinimumVisualStudioVersion = 10.0.40219.1
Project("{FAE04EC0-301F-11D3-BF4B-00C04F79EFBC}") = "CSDownloadFile", "CSDownloadFile\CSDownloadFile.csproj", "{1B2C18CA-6403-478E-AF78-E5B143C24EBB}"
EndProject
Global
	GlobalSection(SolutionConfigurationPlatforms) = preSolution
		Debug|Any CPU = Debug|Any CPU
		Release|Any CPU = Release|Any CPU
	EndGlobalSection
	GlobalSection(ProjectConfigurationPlatforms) = postSolution
		{1B2C18CA-6403-478E-AF78-E5B143C24EBB}.Debug|Any CPU.ActiveCfg = Debug|Any CPU
		{1B2C18CA-6403-478E-AF78-E5B143C24EBB}.Debug|Any CPU.Build.0 = Debug|Any CPU
		{1B2C18CA-6403-478E-AF78-E5B143C24EBB}.Release|Any CPU.ActiveCfg = Release|Any CPU
		{1B2C18CA-6403-478E-AF78-E5B143C24EBB}.Release|Any CPU.Build.0 = Release|Any CPU
	EndGlobalSection
	GlobalSection(SolutionProperties) = preSolution
		HideSolutionNode = FALSE
	EndGlobalSection
	GlobalSection(ExtensibilityGlobals) = postSolution
		SolutionGuid = {48D80251-1D5D-47F2-B01C-B23E71D019DD}
	EndGlobalSection
EndGlobal
